
Microsoft Visual Studio Solution File, Format Version 12.00
# Visual Studio Version 17
VisualStudioVersion = 17.2.32630.192
MinimumVisualStudioVersion = 10.0.40219.1
Project("{FAE04EC0-301F-11D3-BF4B-00C04F79EFBC}") = "RiskSolution", "RiskSolution\RiskSolution.csproj", "{9694BD2B-C2E0-47E8-A18D-507994D270EC}"
EndProject
Global
	GlobalSection(SolutionConfigurationPlatforms) = preSolution
		Debug|Any CPU = Debug|Any CPU
		Release|Any CPU = Release|Any CPU
	EndGlobalSection
	GlobalSection(ProjectConfigurationPlatforms) = postSolution
		{9694BD2B-C2E0-47E8-A18D-507994D270EC}.Debug|Any CPU.ActiveCfg = Debug|Any CPU
		{9694BD2B-C2E0-47E8-A18D-507994D270EC}.Debug|Any CPU.Build.0 = Debug|Any CPU
		{9694BD2B-C2E0-47E8-A18D-507994D270EC}.Release|Any CPU.ActiveCfg = Release|Any CPU
		{9694BD2B-C2E0-47E8-A18D-507994D270EC}.Release|Any CPU.Build.0 = Release|Any CPU
	EndGlobalSection
	GlobalSection(SolutionProperties) = preSolution
		HideSolutionNode = FALSE
	EndGlobalSection
	GlobalSection(ExtensibilityGlobals) = postSolution
		SolutionGuid = {69285690-ECAF-45DB-8417-FABD87F3BDF7}
	EndGlobalSection
EndGlobal
